
Microsoft Visual Studio Solution File, Format Version 12.00
# Visual Studio Version 16
VisualStudioVersion = 16.0.31005.135
MinimumVisualStudioVersion = 10.0.40219.1
Project("{FAE04EC0-301F-11D3-BF4B-00C04F79EFBC}") = "Ex 4", "Ex 4\Ex 4.csproj", "{98E88173-5AED-4CF0-A221-293CEF2734C8}"
EndProject
Global
	GlobalSection(SolutionConfigurationPlatforms) = preSolution
		Debug|Any CPU = Debug|Any CPU
		Release|Any CPU = Release|Any CPU
	EndGlobalSection
	GlobalSection(ProjectConfigurationPlatforms) = postSolution
		{98E88173-5AED-4CF0-A221-293CEF2734C8}.Debug|Any CPU.ActiveCfg = Debug|Any CPU
		{98E88173-5AED-4CF0-A221-293CEF2734C8}.Debug|Any CPU.Build.0 = Debug|Any CPU
		{98E88173-5AED-4CF0-A221-293CEF2734C8}.Release|Any CPU.ActiveCfg = Release|Any CPU
		{98E88173-5AED-4CF0-A221-293CEF2734C8}.Release|Any CPU.Build.0 = Release|Any CPU
	EndGlobalSection
	GlobalSection(SolutionProperties) = preSolution
		HideSolutionNode = FALSE
	EndGlobalSection
	GlobalSection(ExtensibilityGlobals) = postSolution
		SolutionGuid = {3CA1B75F-6F23-4CDE-A495-875B24805113}
	EndGlobalSection
EndGlobal
