Console.Write("n = ");
            int n = Convert.ToInt32(Console.ReadLine());

            int x0 = 0;
            int x1 = 7;
            int i = 2;
            int xn = 0;

            if (n == 0)
            { xn = 0;}
            else
            {
                while (i <= n + 1)
                {
                    xn = x1 * (1 * x0);
                    x0 = x1;
                    x1 = xn;
                    i++;
                }
            }
            Console.Write("x{0} = {1}", n, xn);
