using System;

namespace Ex_2
{
    class Program
    {
        static void Main(string[] args)
        {
            Console.Write("Ведите число х: ");
            int x = Convert.ToInt32(Console.ReadLine());

            Console.Write("Ведите число у: ");
            int y = Convert.ToInt32(Console.ReadLine());

            int count = 0;

            while (x > 0)
            {
                if (x % 10 == 0)
                { count = count + 1; }
                x = x / 10;
            }
            int count1 = 0;

            while (y > 0)
            {
                if (y % 10 == 0)
                { count1 = count1 + 1; }
                y = y / 10;
            }
            if (count > count1)
            { Console.WriteLine("Найбільше нулів в х"); }
            else
            { Console.WriteLine("Найбільше нулів в У"); }
        }


    }
}
