
Microsoft Visual Studio Solution File, Format Version 12.00
# Visual Studio Version 16
VisualStudioVersion = 16.0.31005.135
MinimumVisualStudioVersion = 10.0.40219.1
Project("{FAE04EC0-301F-11D3-BF4B-00C04F79EFBC}") = "Ex 2", "Ex 2\Ex 2.csproj", "{92D7853C-7108-480C-8DF5-9E4277E955FB}"
EndProject
Global
	GlobalSection(SolutionConfigurationPlatforms) = preSolution
		Debug|Any CPU = Debug|Any CPU
		Release|Any CPU = Release|Any CPU
	EndGlobalSection
	GlobalSection(ProjectConfigurationPlatforms) = postSolution
		{92D7853C-7108-480C-8DF5-9E4277E955FB}.Debug|Any CPU.ActiveCfg = Debug|Any CPU
		{92D7853C-7108-480C-8DF5-9E4277E955FB}.Debug|Any CPU.Build.0 = Debug|Any CPU
		{92D7853C-7108-480C-8DF5-9E4277E955FB}.Release|Any CPU.ActiveCfg = Release|Any CPU
		{92D7853C-7108-480C-8DF5-9E4277E955FB}.Release|Any CPU.Build.0 = Release|Any CPU
	EndGlobalSection
	GlobalSection(SolutionProperties) = preSolution
		HideSolutionNode = FALSE
	EndGlobalSection
	GlobalSection(ExtensibilityGlobals) = postSolution
		SolutionGuid = {E0B8BDE3-791F-43D3-922E-1797DB8F6001}
	EndGlobalSection
EndGlobal
