using System;

namespace ConsoleApp3
{
    class Program
    {
        static void Main(string[] args)
        {   Console.Write("Ведите х точки А:");
            int x1 = Convert.ToInt32(Console.ReadLine());

            Console.Write("Ведите y точки A:");
            int y1 = Convert.ToInt32(Console.ReadLine());

            Console.Write("Ведите х точки В:");
            int x2 = Convert.ToInt32(Console.ReadLine());
            
            Console.Write("Ведите у точки В:");
            int y2 = Convert.ToInt32(Console.ReadLine());
            
            Console.Write("Ведите x точки С:");
            int x3 = Convert.ToInt32(Console.ReadLine());
            
            Console.Write("Ведите у точки С:");
            int y3 = Convert.ToInt32(Console.ReadLine());

            double AB = Convert.ToDouble(Math.Sqrt((x2 - x1) * (x2 - x1) + (y2 - y1) * (y2 - y1)));
            double BC = Convert.ToDouble(Math.Sqrt((x3 - x2) * (x3 - x2) + (y3 - y2) * (y3 - y2)));
            double AC = Convert.ToDouble(Math.Sqrt((x3 - x1) * (x3 - x1) + (y3 - y1) * (y3 - y1)));

            double P = AB + BC + AC;
            Console.Write(P);
        }
    }
}
