            Console.Write("Ведіть точність: ");
            double epsilon = Convert.ToDouble(Console.ReadLine());

            Console.Write("x =  ");
            double x = Convert.ToDouble(Console.ReadLine());

            double s = 0;

            int n = 1;

            while (true)
            {
                double current = Math.Pow((2 * (-1)), (n - 1)) * Math.Sin(n * x);
                if (Math.Abs(current) <= epsilon)
                {
                    s += current;
                    n += 1;
                }
                else
                {
                    break;
                }
            }
                Console.Write("Сума = {0}, Точність = {1}", s, epsilon);
