using System;

namespace ConsoleApp2
{
    class Program
    {
        static void Main(string[] args)
        {
            Console.Write("Ведите число а:");
            double a = Convert.ToDouble(Console.ReadLine());

            Console.Write("Ведите число b:");
            double b = Convert.ToDouble(Console.ReadLine());

            Console.Write("Ведите число c:");
            double c = Convert.ToDouble(Console.ReadLine());

            double min = 0;

            if (a > b)
                min = b;
            else
                min = a;

            double min1 = 0;

            if (b > c)
                min1 = c;
            else
                min1 = b;

            double S = min + min1 * min1;
            Console.Write(S);


        }
    }
}
